
Microsoft Visual Studio Solution File, Format Version 12.00
# Visual Studio Version 16
VisualStudioVersion = 16.0.30406.217
MinimumVisualStudioVersion = 10.0.40219.1
Project("{FAE04EC0-301F-11D3-BF4B-00C04F79EFBC}") = "HRM_BE", "HRM_BE\HRM_BE.csproj", "{E665DAD5-93D0-4F30-83DF-C9AA33FF43CE}"
EndProject
Global
	GlobalSection(SolutionConfigurationPlatforms) = preSolution
		Debug|Any CPU = Debug|Any CPU
		Release|Any CPU = Release|Any CPU
	EndGlobalSection
	GlobalSection(ProjectConfigurationPlatforms) = postSolution
		{E665DAD5-93D0-4F30-83DF-C9AA33FF43CE}.Debug|Any CPU.ActiveCfg = Debug|Any CPU
		{E665DAD5-93D0-4F30-83DF-C9AA33FF43CE}.Debug|Any CPU.Build.0 = Debug|Any CPU
		{E665DAD5-93D0-4F30-83DF-C9AA33FF43CE}.Release|Any CPU.ActiveCfg = Release|Any CPU
		{E665DAD5-93D0-4F30-83DF-C9AA33FF43CE}.Release|Any CPU.Build.0 = Release|Any CPU
	EndGlobalSection
	GlobalSection(SolutionProperties) = preSolution
		HideSolutionNode = FALSE
	EndGlobalSection
	GlobalSection(ExtensibilityGlobals) = postSolution
		SolutionGuid = {84F869E1-2A99-444B-959F-4C9B8EC39032}
	EndGlobalSection
EndGlobal
